{
    "_meta": {
        "hash": {
            "sha256": "736ff34a1efecf46bba420e81a7f30499ca71e13a4da27cadba0009dcdbadd4d"
        },
        "pipfile-spec": 6,
        "requires": {
            "python_version": "3.10"
        },
        "sources": [
            {
                "name": "pypi",
                "url": "https://pypi.org/simple",
                "verify_ssl": true
            }
        ]
    },
    "default": {
        "plotly": {
            "hashes": [
                "sha256:15ab20e9ed8b55f669b3d35e186eb48f9e1fe07321a1337b8b7df8d3573d265a",
                "sha256:3a35131762c6567813012462e1d496e1d3898f56ab3d386b32f103f7f0c79cf1"
            ],
            "index": "pypi",
            "version": "==5.7.0"
        },
        "six": {
            "hashes": [
                "sha256:1e61c37477a1626458e36f7b1d82aa5c9b094fa4802892072e49de9c60c4c926",
                "sha256:8abb2f1d86890a2dfb989f9a77cfcfd3e47c2a354b01111771326f8aa26e0254"
            ],
            "markers": "python_version >= '2.7' and python_version not in '3.0, 3.1, 3.2'",
            "version": "==1.16.0"
        },
        "tenacity": {
            "hashes": [
                "sha256:43242a20e3e73291a28bcbcacfd6e000b02d3857a9a9fff56b297a27afdc932f",
                "sha256:f78f4ea81b0fabc06728c11dc2a8c01277bfc5181b321a4770471902e3eb844a"
            ],
            "markers": "python_version >= '3.6'",
            "version": "==8.0.1"
        }
    },
    "develop": {}
}
